
Microsoft Visual Studio Solution File, Format Version 12.00
# Visual Studio Version 16
VisualStudioVersion = 16.0.29905.134
MinimumVisualStudioVersion = 10.0.40219.1
Project("{FAE04EC0-301F-11D3-BF4B-00C04F79EFBC}") = "test", "test.csproj", "{39600C70-D193-4F8C-8EC0-116D9ECBF15C}"
EndProject
Global
	GlobalSection(SolutionConfigurationPlatforms) = preSolution
		Debug|Any CPU = Debug|Any CPU
		Release|Any CPU = Release|Any CPU
	EndGlobalSection
	GlobalSection(ProjectConfigurationPlatforms) = postSolution
		{39600C70-D193-4F8C-8EC0-116D9ECBF15C}.Debug|Any CPU.ActiveCfg = Debug|Any CPU
		{39600C70-D193-4F8C-8EC0-116D9ECBF15C}.Debug|Any CPU.Build.0 = Debug|Any CPU
		{39600C70-D193-4F8C-8EC0-116D9ECBF15C}.Release|Any CPU.ActiveCfg = Release|Any CPU
		{39600C70-D193-4F8C-8EC0-116D9ECBF15C}.Release|Any CPU.Build.0 = Release|Any CPU
	EndGlobalSection
	GlobalSection(SolutionProperties) = preSolution
		HideSolutionNode = FALSE
	EndGlobalSection
	GlobalSection(ExtensibilityGlobals) = postSolution
		SolutionGuid = {9DC2A419-80D8-4EAD-A1E4-588DE5219382}
	EndGlobalSection
EndGlobal
